// !$*UTF8*$!
{
	archiveVersion = 1;
	classes = {
	};
	objectVersion = 46;
	objects = {

/* Begin PBXBuildFile section */
		758BFA2E1BAF64DE005900B0 /* main.m in Sources */ = {isa = PBXBuildFile; fileRef = 758BFA2D1BAF64DE005900B0 /* main.m */; };
		758BFA311BAF64DE005900B0 /* AppDelegate.m in Sources */ = {isa = PBXBuildFile; fileRef = 758BFA301BAF64DE005900B0 /* AppDelegate.m */; };
		758BFA341BAF64DE005900B0 /* ViewController.m in Sources */ = {isa = PBXBuildFile; fileRef = 758BFA331BAF64DE005900B0 /* ViewController.m */; };
		758BFA371BAF64DE005900B0 /* Main.storyboard in Resources */ = {isa = PBXBuildFile; fileRef = 758BFA351BAF64DE005900B0 /* Main.storyboard */; };
		758BFA391BAF64DE005900B0 /* Assets.xcassets in Resources */ = {isa = PBXBuildFile; fileRef = 758BFA381BAF64DE005900B0 /* Assets.xcassets */; };
		758BFA3C1BAF64DE005900B0 /* LaunchScreen.storyboard in Resources */ = {isa = PBXBuildFile; fileRef = 758BFA3A1BAF64DE005900B0 /* LaunchScreen.storyboard */; };
		758BFA471BAF64DF005900B0 /* simpleLoginScreenTests.m in Sources */ = {isa = PBXBuildFile; fileRef = 758BFA461BAF64DF005900B0 /* simpleLoginScreenTests.m */; };
		758BFA521BAF64DF005900B0 /* simpleLoginScreenUITests.m in Sources */ = {isa = PBXBuildFile; fileRef = 758BFA511BAF64DF005900B0 /* simpleLoginScreenUITests.m */; };
/* End PBXBuildFile section */

/* Begin PBXContainerItemProxy section */
		758BFA431BAF64DE005900B0 /* PBXContainerItemProxy */ = {
			isa = PBXContainerItemProxy;
			containerPortal = 758BFA211BAF64DE005900B0 /* Project object */;
			proxyType = 1;
			remoteGlobalIDString = 758BFA281BAF64DE005900B0;
			remoteInfo = simpleLoginScreen;
		};
		758BFA4E1BAF64DF005900B0 /* PBXContainerItemProxy */ = {
			isa = PBXContainerItemProxy;
			containerPortal = 758BFA211BAF64DE005900B0 /* Project object */;
			proxyType = 1;
			remoteGlobalIDString = 758BFA281BAF64DE005900B0;
			remoteInfo = simpleLoginScreen;
		};
/* End PBXContainerItemProxy section */

/* Begin PBXFileReference section */
		758BFA291BAF64DE005900B0 /* simpleLoginScreen.app */ = {isa = PBXFileReference; explicitFileType = wrapper.application; includeInIndex = 0; path = simpleLoginScreen.app; sourceTree = BUILT_PRODUCTS_DIR; };
		758BFA2D1BAF64DE005900B0 /* main.m */ = {isa = PBXFileReference; lastKnownFileType = sourcecode.c.objc; path = main.m; sourceTree = "<group>"; };
		758BFA2F1BAF64DE005900B0 /* AppDelegate.h */ = {isa = PBXFileReference; lastKnownFileType = sourcecode.c.h; path = AppDelegate.h; sourceTree = "<group>"; };
		758BFA301BAF64DE005900B0 /* AppDelegate.m */ = {isa = PBXFileReference; lastKnownFileType = sourcecode.c.objc; path = AppDelegate.m; sourceTree = "<group>"; };
		758BFA321BAF64DE005900B0 /* ViewController.h */ = {isa = PBXFileReference; lastKnownFileType = sourcecode.c.h; path = ViewController.h; sourceTree = "<group>"; };
		758BFA331BAF64DE005900B0 /* ViewController.m */ = {isa = PBXFileReference; lastKnownFileType = sourcecode.c.objc; path = ViewController.m; sourceTree = "<group>"; };
		758BFA361BAF64DE005900B0 /* Base */ = {isa = PBXFileReference; lastKnownFileType = file.storyboard; name = Base; path = Base.lproj/Main.storyboard; sourceTree = "<group>"; };
		758BFA381BAF64DE005900B0 /* Assets.xcassets */ = {isa = PBXFileReference; lastKnownFileType = folder.assetcatalog; path = Assets.xcassets; sourceTree = "<group>"; };
		758BFA3B1BAF64DE005900B0 /* Base */ = {isa = PBXFileReference; lastKnownFileType = file.storyboard; name = Base; path = Base.lproj/LaunchScreen.storyboard; sourceTree = "<group>"; };
		758BFA3D1BAF64DE005900B0 /* Info.plist */ = {isa = PBXFileReference; lastKnownFileType = text.plist.xml; path = Info.plist; sourceTree = "<group>"; };
		758BFA421BAF64DE005900B0 /* simpleLoginScreenTests.xctest */ = {isa = PBXFileReference; explicitFileType = wrapper.cfbundle; includeInIndex = 0; path = simpleLoginScreenTests.xctest; sourceTree = BUILT_PRODUCTS_DIR; };
		758BFA461BAF64DF005900B0 /* simpleLoginScreenTests.m */ = {isa = PBXFileReference; lastKnownFileType = sourcecode.c.objc; path = simpleLoginScreenTests.m; sourceTree = "<group>"; };
		758BFA481BAF64DF005900B0 /* Info.plist */ = {isa = PBXFileReference; lastKnownFileType = text.plist.xml; path = Info.plist; sourceTree = "<group>"; };
		758BFA4D1BAF64DF005900B0 /* simpleLoginScreenUITests.xctest */ = {isa = PBXFileReference; explicitFileType = wrapper.cfbundle; includeInIndex = 0; path = simpleLoginScreenUITests.xctest; sourceTree = BUILT_PRODUCTS_DIR; };
		758BFA511BAF64DF005900B0 /* simpleLoginScreenUITests.m */ = {isa = PBXFileReference; lastKnownFileType = sourcecode.c.objc; path = simpleLoginScreenUITests.m; sourceTree = "<group>"; };
		758BFA531BAF64DF005900B0 /* Info.plist */ = {isa = PBXFileReference; lastKnownFileType = text.plist.xml; path = Info.plist; sourceTree = "<group>"; };
/* End PBXFileReference section */

/* Begin PBXFrameworksBuildPhase section */
		758BFA261BAF64DE005900B0 /* Frameworks */ = {
			isa = PBXFrameworksBuildPhase;
			buildActionMask = 2147483647;
			files = (
			);
			runOnlyForDeploymentPostprocessing = 0;
		};
		758BFA3F1BAF64DE005900B0 /* Frameworks */ = {
			isa = PBXFrameworksBuildPhase;
			buildActionMask = 2147483647;
			files = (
			);
			runOnlyForDeploymentPostprocessing = 0;
		};
		758BFA4A1BAF64DF005900B0 /* Frameworks */ = {
			isa = PBXFrameworksBuildPhase;
			buildActionMask = 2147483647;
			files = (
			);
			runOnlyForDeploymentPostprocessing = 0;
		};
/* End PBXFrameworksBuildPhase section */

/* Begin PBXGroup section */
		758BFA201BAF64DE005900B0 = {
			isa = PBXGroup;
			children = (
				758BFA2B1BAF64DE005900B0 /* simpleLoginScreen */,
				758BFA451BAF64DF005900B0 /* simpleLoginScreenTests */,
				758BFA501BAF64DF005900B0 /* simpleLoginScreenUITests */,
				758BFA2A1BAF64DE005900B0 /* Products */,
			);
			sourceTree = "<group>";
		};
		758BFA2A1BAF64DE005900B0 /* Products */ = {
			isa = PBXGroup;
			children = (
				758BFA291BAF64DE005900B0 /* simpleLoginScreen.app */,
				758BFA421BAF64DE005900B0 /* simpleLoginScreenTests.xctest */,
				758BFA4D1BAF64DF005900B0 /* simpleLoginScreenUITests.xctest */,
			);
			name = Products;
			sourceTree = "<group>";
		};
		758BFA2B1BAF64DE005900B0 /* simpleLoginScreen */ = {
			isa = PBXGroup;
			children = (
				758BFA2F1BAF64DE005900B0 /* AppDelegate.h */,
				758BFA301BAF64DE005900B0 /* AppDelegate.m */,
				758BFA321BAF64DE005900B0 /* ViewController.h */,
				758BFA331BAF64DE005900B0 /* ViewController.m */,
				758BFA351BAF64DE005900B0 /* Main.storyboard */,
				758BFA381BAF64DE005900B0 /* Assets.xcassets */,
				758BFA3A1BAF64DE005900B0 /* LaunchScreen.storyboard */,
				758BFA3D1BAF64DE005900B0 /* Info.plist */,
				758BFA2C1BAF64DE005900B0 /* Supporting Files */,
			);
			path = simpleLoginScreen;
			sourceTree = "<group>";
		};
		758BFA2C1BAF64DE005900B0 /* Supporting Files */ = {
			isa = PBXGroup;
			children = (
				758BFA2D1BAF64DE005900B0 /* main.m */,
			);
			name = "Supporting Files";
			sourceTree = "<group>";
		};
		758BFA451BAF64DF005900B0 /* simpleLoginScreenTests */ = {
			isa = PBXGroup;
			children = (
				758BFA461BAF64DF005900B0 /* simpleLoginScreenTests.m */,
				758BFA481BAF64DF005900B0 /* Info.plist */,
			);
			path = simpleLoginScreenTests;
			sourceTree = "<group>";
		};
		758BFA501BAF64DF005900B0 /* simpleLoginScreenUITests */ = {
			isa = PBXGroup;
			children = (
				758BFA511BAF64DF005900B0 /* simpleLoginScreenUITests.m */,
				758BFA531BAF64DF005900B0 /* Info.plist */,
			);
			path = simpleLoginScreenUITests;
			sourceTree = "<group>";
		};
/* End PBXGroup section */

/* Begin PBXNativeTarget section */
		758BFA281BAF64DE005900B0 /* simpleLoginScreen */ = {
			isa = PBXNativeTarget;
			buildConfigurationList = 758BFA561BAF64DF005900B0 /* Build configuration list for PBXNativeTarget "simpleLoginScreen" */;
			buildPhases = (
				758BFA251BAF64DE005900B0 /* Sources */,
				758BFA261BAF64DE005900B0 /* Frameworks */,
				758BFA271BAF64DE005900B0 /* Resources */,
			);
			buildRules = (
			);
			dependencies = (
			);
			name = simpleLoginScreen;
			productName = simpleLoginScreen;
			productReference = 758BFA291BAF64DE005900B0 /* simpleLoginScreen.app */;
			productType = "com.apple.product-type.application";
		};
		758BFA411BAF64DE005900B0 /* simpleLoginScreenTests */ = {
			isa = PBXNativeTarget;
			buildConfigurationList = 758BFA591BAF64DF005900B0 /* Build configuration list for PBXNativeTarget "simpleLoginScreenTests" */;
			buildPhases = (
				758BFA3E1BAF64DE005900B0 /* Sources */,
				758BFA3F1BAF64DE005900B0 /* Frameworks */,
				758BFA401BAF64DE005900B0 /* Resources */,
			);
			buildRules = (
			);
			dependencies = (
				758BFA441BAF64DE005900B0 /* PBXTargetDependency */,
			);
			name = simpleLoginScreenTests;
			productName = simpleLoginScreenTests;
			productReference = 758BFA421BAF64DE005900B0 /* simpleLoginScreenTests.xctest */;
			productType = "com.apple.product-type.bundle.unit-test";
		};
		758BFA4C1BAF64DF005900B0 /* simpleLoginScreenUITests */ = {
			isa = PBXNativeTarget;
			buildConfigurationList = 758BFA5C1BAF64DF005900B0 /* Build configuration list for PBXNativeTarget "simpleLoginScreenUITests" */;
			buildPhases = (
				758BFA491BAF64DF005900B0 /* Sources */,
				758BFA4A1BAF64DF005900B0 /* Frameworks */,
				758BFA4B1BAF64DF005900B0 /* Resources */,
			);
			buildRules = (
			);
			dependencies = (
				758BFA4F1BAF64DF005900B0 /* PBXTargetDependency */,
			);
			name = simpleLoginScreenUITests;
			productName = simpleLoginScreenUITests;
			productReference = 758BFA4D1BAF64DF005900B0 /* simpleLoginScreenUITests.xctest */;
			productType = "com.apple.product-type.bundle.ui-testing";
		};
/* End PBXNativeTarget section */

/* Begin PBXProject section */
		758BFA211BAF64DE005900B0 /* Project object */ = {
			isa = PBXProject;
			attributes = {
				LastUpgradeCheck = 0710;
				ORGANIZATIONNAME = "Muhamad Fariduddin Hashim";
				TargetAttributes = {
					758BFA281BAF64DE005900B0 = {
						CreatedOnToolsVersion = 7.1;
					};
					758BFA411BAF64DE005900B0 = {
						CreatedOnToolsVersion = 7.1;
						TestTargetID = 758BFA281BAF64DE005900B0;
					};
					758BFA4C1BAF64DF005900B0 = {
						CreatedOnToolsVersion = 7.1;
						TestTargetID = 758BFA281BAF64DE005900B0;
					};
				};
			};
			buildConfigurationList = 758BFA241BAF64DE005900B0 /* Build configuration list for PBXProject "simpleLoginScreen" */;
			compatibilityVersion = "Xcode 3.2";
			developmentRegion = English;
			hasScannedForEncodings = 0;
			knownRegions = (
				en,
				Base,
			);
			mainGroup = 758BFA201BAF64DE005900B0;
			productRefGroup = 758BFA2A1BAF64DE005900B0 /* Products */;
			projectDirPath = "";
			projectRoot = "";
			targets = (
				758BFA281BAF64DE005900B0 /* simpleLoginScreen */,
				758BFA411BAF64DE005900B0 /* simpleLoginScreenTests */,
				758BFA4C1BAF64DF005900B0 /* simpleLoginScreenUITests */,
			);
		};
/* End PBXProject section */

/* Begin PBXResourcesBuildPhase section */
		758BFA271BAF64DE005900B0 /* Resources */ = {
			isa = PBXResourcesBuildPhase;
			buildActionMask = 2147483647;
			files = (
				758BFA3C1BAF64DE005900B0 /* LaunchScreen.storyboard in Resources */,
				758BFA391BAF64DE005900B0 /* Assets.xcassets in Resources */,
				758BFA371BAF64DE005900B0 /* Main.storyboard in Resources */,
			);
			runOnlyForDeploymentPostprocessing = 0;
		};
		758BFA401BAF64DE005900B0 /* Resources */ = {
			isa = PBXResourcesBuildPhase;
			buildActionMask = 2147483647;
			files = (
			);
			runOnlyForDeploymentPostprocessing = 0;
		};
		758BFA4B1BAF64DF005900B0 /* Resources */ = {
			isa = PBXResourcesBuildPhase;
			buildActionMask = 2147483647;
			files = (
			);
			runOnlyForDeploymentPostprocessing = 0;
		};
/* End PBXResourcesBuildPhase section */

/* Begin PBXSourcesBuildPhase section */
		758BFA251BAF64DE005900B0 /* Sources */ = {
			isa = PBXSourcesBuildPhase;
			buildActionMask = 2147483647;
			files = (
				758BFA341BAF64DE005900B0 /* ViewController.m in Sources */,
				758BFA311BAF64DE005900B0 /* AppDelegate.m in Sources */,
				758BFA2E1BAF64DE005900B0 /* main.m in Sources */,
			);
			runOnlyForDeploymentPostprocessing = 0;
		};
		758BFA3E1BAF64DE005900B0 /* Sources */ = {
			isa = PBXSourcesBuildPhase;
			buildActionMask = 2147483647;
			files = (
				758BFA471BAF64DF005900B0 /* simpleLoginScreenTests.m in Sources */,
			);
			runOnlyForDeploymentPostprocessing = 0;
		};
		758BFA491BAF64DF005900B0 /* Sources */ = {
			isa = PBXSourcesBuildPhase;
			buildActionMask = 2147483647;
			files = (
				758BFA521BAF64DF005900B0 /* simpleLoginScreenUITests.m in Sources */,
			);
			runOnlyForDeploymentPostprocessing = 0;
		};
/* End PBXSourcesBuildPhase section */

/* Begin PBXTargetDependency section */
		758BFA441BAF64DE005900B0 /* PBXTargetDependency */ = {
			isa = PBXTargetDependency;
			target = 758BFA281BAF64DE005900B0 /* simpleLoginScreen */;
			targetProxy = 758BFA431BAF64DE005900B0 /* PBXContainerItemProxy */;
		};
		758BFA4F1BAF64DF005900B0 /* PBXTargetDependency */ = {
			isa = PBXTargetDependency;
			target = 758BFA281BAF64DE005900B0 /* simpleLoginScreen */;
			targetProxy = 758BFA4E1BAF64DF005900B0 /* PBXContainerItemProxy */;
		};
/* End PBXTargetDependency section */

/* Begin PBXVariantGroup section */
		758BFA351BAF64DE005900B0 /* Main.storyboard */ = {
			isa = PBXVariantGroup;
			children = (
				758BFA361BAF64DE005900B0 /* Base */,
			);
			name = Main.storyboard;
			sourceTree = "<group>";
		};
		758BFA3A1BAF64DE005900B0 /* LaunchScreen.storyboard */ = {
			isa = PBXVariantGroup;
			children = (
				758BFA3B1BAF64DE005900B0 /* Base */,
			);
			name = LaunchScreen.storyboard;
			sourceTree = "<group>";
		};
/* End PBXVariantGroup section */

/* Begin XCBuildConfiguration section */
		758BFA541BAF64DF005900B0 /* Debug */ = {
			isa = XCBuildConfiguration;
			buildSettings = {
				ALWAYS_SEARCH_USER_PATHS = NO;
				CLANG_CXX_LANGUAGE_STANDARD = "gnu++0x";
				CLANG_CXX_LIBRARY = "libc++";
				CLANG_ENABLE_MODULES = YES;
				CLANG_ENABLE_OBJC_ARC = YES;
				CLANG_WARN_BOOL_CONVERSION = YES;
				CLANG_WARN_CONSTANT_CONVERSION = YES;
				CLANG_WARN_DIRECT_OBJC_ISA_USAGE = YES_ERROR;
				CLANG_WARN_EMPTY_BODY = YES;
				CLANG_WARN_ENUM_CONVERSION = YES;
				CLANG_WARN_INT_CONVERSION = YES;
				CLANG_WARN_OBJC_ROOT_CLASS = YES_ERROR;
				CLANG_WARN_UNREACHABLE_CODE = YES;
				CLANG_WARN__DUPLICATE_METHOD_MATCH = YES;
				"CODE_SIGN_IDENTITY[sdk=iphoneos*]" = "iPhone Developer";
				COPY_PHASE_STRIP = NO;
				DEBUG_INFORMATION_FORMAT = dwarf;
				ENABLE_STRICT_OBJC_MSGSEND = YES;
				ENABLE_TESTABILITY = YES;
				GCC_C_LANGUAGE_STANDARD = gnu99;
				GCC_DYNAMIC_NO_PIC = NO;
				GCC_NO_COMMON_BLOCKS = YES;
				GCC_OPTIMIZATION_LEVEL = 0;
				GCC_PREPROCESSOR_DEFINITIONS = (
					"DEBUG=1",
					"$(inherited)",
				);
				GCC_WARN_64_TO_32_BIT_CONVERSION = YES;
				GCC_WARN_ABOUT_RETURN_TYPE = YES_ERROR;
				GCC_WARN_UNDECLARED_SELECTOR = YES;
				GCC_WARN_UNINITIALIZED_AUTOS = YES_AGGRESSIVE;
				GCC_WARN_UNUSED_FUNCTION = YES;
				GCC_WARN_UNUSED_VARIABLE = YES;
				IPHONEOS_DEPLOYMENT_TARGET = 9.1;
				MTL_ENABLE_DEBUG_INFO = YES;
				ONLY_ACTIVE_ARCH = YES;
				SDKROOT = iphoneos;
				TARGETED_DEVICE_FAMILY = "1,2";
			};
			name = Debug;
		};
		758BFA551BAF64DF005900B0 /* Release */ = {
			isa = XCBuildConfiguration;
			buildSettings = {
				ALWAYS_SEARCH_USER_PATHS = NO;
				CLANG_CXX_LANGUAGE_STANDARD = "gnu++0x";
				CLANG_CXX_LIBRARY = "libc++";
				CLANG_ENABLE_MODULES = YES;
				CLANG_ENABLE_OBJC_ARC = YES;
				CLANG_WARN_BOOL_CONVERSION = YES;
				CLANG_WARN_CONSTANT_CONVERSION = YES;
				CLANG_WARN_DIRECT_OBJC_ISA_USAGE = YES_ERROR;
				CLANG_WARN_EMPTY_BODY = YES;
				CLANG_WARN_ENUM_CONVERSION = YES;
				CLANG_WARN_INT_CONVERSION = YES;
				CLANG_WARN_OBJC_ROOT_CLASS = YES_ERROR;
				CLANG_WARN_UNREACHABLE_CODE = YES;
				CLANG_WARN__DUPLICATE_METHOD_MATCH = YES;
				"CODE_SIGN_IDENTITY[sdk=iphoneos*]" = "iPhone Developer";
				COPY_PHASE_STRIP = NO;
				DEBUG_INFORMATION_FORMAT = "dwarf-with-dsym";
				ENABLE_NS_ASSERTIONS = NO;
				ENABLE_STRICT_OBJC_MSGSEND = YES;
				GCC_C_LANGUAGE_STANDARD = gnu99;
				GCC_NO_COMMON_BLOCKS = YES;
				GCC_WARN_64_TO_32_BIT_CONVERSION = YES;
				GCC_WARN_ABOUT_RETURN_TYPE = YES_ERROR;
				GCC_WARN_UNDECLARED_SELECTOR = YES;
				GCC_WARN_UNINITIALIZED_AUTOS = YES_AGGRESSIVE;
				GCC_WARN_UNUSED_FUNCTION = YES;
				GCC_WARN_UNUSED_VARIABLE = YES;
				IPHONEOS_DEPLOYMENT_TARGET = 9.1;
				MTL_ENABLE_DEBUG_INFO = NO;
				SDKROOT = iphoneos;
				TARGETED_DEVICE_FAMILY = "1,2";
				VALIDATE_PRODUCT = YES;
			};
			name = Release;
		};
		758BFA571BAF64DF005900B0 /* Debug */ = {
			isa = XCBuildConfiguration;
			buildSettings = {
				ASSETCATALOG_COMPILER_APPICON_NAME = AppIcon;
				INFOPLIST_FILE = simpleLoginScreen/Info.plist;
				LD_RUNPATH_SEARCH_PATHS = "$(inherited) @executable_path/Frameworks";
				PRODUCT_BUNDLE_IDENTIFIER = kanntroics.simpleLoginScreen;
				PRODUCT_NAME = "$(TARGET_NAME)";
			};
			name = Debug;
		};
		758BFA581BAF64DF005900B0 /* Release */ = {
			isa = XCBuildConfiguration;
			buildSettings = {
				ASSETCATALOG_COMPILER_APPICON_NAME = AppIcon;
				INFOPLIST_FILE = simpleLoginScreen/Info.plist;
				LD_RUNPATH_SEARCH_PATHS = "$(inherited) @executable_path/Frameworks";
				PRODUCT_BUNDLE_IDENTIFIER = kanntroics.simpleLoginScreen;
				PRODUCT_NAME = "$(TARGET_NAME)";
			};
			name = Release;
		};
		758BFA5A1BAF64DF005900B0 /* Debug */ = {
			isa = XCBuildConfiguration;
			buildSettings = {
				BUNDLE_LOADER = "$(TEST_HOST)";
				INFOPLIST_FILE = simpleLoginScreenTests/Info.plist;
				LD_RUNPATH_SEARCH_PATHS = "$(inherited) @executable_path/Frameworks @loader_path/Frameworks";
				PRODUCT_BUNDLE_IDENTIFIER = kanntroics.simpleLoginScreenTests;
				PRODUCT_NAME = "$(TARGET_NAME)";
				TEST_HOST = "$(BUILT_PRODUCTS_DIR)/simpleLoginScreen.app/simpleLoginScreen";
			};
			name = Debug;
		};
		758BFA5B1BAF64DF005900B0 /* Release */ = {
			isa = XCBuildConfiguration;
			buildSettings = {
				BUNDLE_LOADER = "$(TEST_HOST)";
				INFOPLIST_FILE = simpleLoginScreenTests/Info.plist;
				LD_RUNPATH_SEARCH_PATHS = "$(inherited) @executable_path/Frameworks @loader_path/Frameworks";
				PRODUCT_BUNDLE_IDENTIFIER = kanntroics.simpleLoginScreenTests;
				PRODUCT_NAME = "$(TARGET_NAME)";
				TEST_HOST = "$(BUILT_PRODUCTS_DIR)/simpleLoginScreen.app/simpleLoginScreen";
			};
			name = Release;
		};
		758BFA5D1BAF64DF005900B0 /* Debug */ = {
			isa = XCBuildConfiguration;
			buildSettings = {
				INFOPLIST_FILE = simpleLoginScreenUITests/Info.plist;
				LD_RUNPATH_SEARCH_PATHS = "$(inherited) @executable_path/Frameworks @loader_path/Frameworks";
				PRODUCT_BUNDLE_IDENTIFIER = kanntroics.simpleLoginScreenUITests;
				PRODUCT_NAME = "$(TARGET_NAME)";
				TEST_TARGET_NAME = simpleLoginScreen;
				USES_XCTRUNNER = YES;
			};
			name = Debug;
		};
		758BFA5E1BAF64DF005900B0 /* Release */ = {
			isa = XCBuildConfiguration;
			buildSettings = {
				INFOPLIST_FILE = simpleLoginScreenUITests/Info.plist;
				LD_RUNPATH_SEARCH_PATHS = "$(inherited) @executable_path/Frameworks @loader_path/Frameworks";
				PRODUCT_BUNDLE_IDENTIFIER = kanntroics.simpleLoginScreenUITests;
				PRODUCT_NAME = "$(TARGET_NAME)";
				TEST_TARGET_NAME = simpleLoginScreen;
				USES_XCTRUNNER = YES;
			};
			name = Release;
		};
/* End XCBuildConfiguration section */

/* Begin XCConfigurationList section */
		758BFA241BAF64DE005900B0 /* Build configuration list for PBXProject "simpleLoginScreen" */ = {
			isa = XCConfigurationList;
			buildConfigurations = (
				758BFA541BAF64DF005900B0 /* Debug */,
				758BFA551BAF64DF005900B0 /* Release */,
			);
			defaultConfigurationIsVisible = 0;
			defaultConfigurationName = Release;
		};
		758BFA561BAF64DF005900B0 /* Build configuration list for PBXNativeTarget "simpleLoginScreen" */ = {
			isa = XCConfigurationList;
			buildConfigurations = (
				758BFA571BAF64DF005900B0 /* Debug */,
				758BFA581BAF64DF005900B0 /* Release */,
			);
			defaultConfigurationIsVisible = 0;
		};
		758BFA591BAF64DF005900B0 /* Build configuration list for PBXNativeTarget "simpleLoginScreenTests" */ = {
			isa = XCConfigurationList;
			buildConfigurations = (
				758BFA5A1BAF64DF005900B0 /* Debug */,
				758BFA5B1BAF64DF005900B0 /* Release */,
			);
			defaultConfigurationIsVisible = 0;
		};
		758BFA5C1BAF64DF005900B0 /* Build configuration list for PBXNativeTarget "simpleLoginScreenUITests" */ = {
			isa = XCConfigurationList;
			buildConfigurations = (
				758BFA5D1BAF64DF005900B0 /* Debug */,
				758BFA5E1BAF64DF005900B0 /* Release */,
			);
			defaultConfigurationIsVisible = 0;
		};
/* End XCConfigurationList section */
	};
	rootObject = 758BFA211BAF64DE005900B0 /* Project object */;
}
